
Microsoft Visual Studio Solution File, Format Version 12.00
# Visual Studio Version 17
VisualStudioVersion = 17.11.35208.52
MinimumVisualStudioVersion = 10.0.40219.1
Project("{888888A0-9F3D-457C-B088-3A5042F75D52}") = "WebServerTest", "WebServerTest\WebServerTest.pyproj", "{C272C91D-E982-4DE7-9DE2-C3567615711D}"
EndProject
Global
	GlobalSection(SolutionConfigurationPlatforms) = preSolution
		Debug|Any CPU = Debug|Any CPU
		Release|Any CPU = Release|Any CPU
	EndGlobalSection
	GlobalSection(ProjectConfigurationPlatforms) = postSolution
		{C272C91D-E982-4DE7-9DE2-C3567615711D}.Debug|Any CPU.ActiveCfg = Debug|Any CPU
		{C272C91D-E982-4DE7-9DE2-C3567615711D}.Release|Any CPU.ActiveCfg = Release|Any CPU
	EndGlobalSection
	GlobalSection(SolutionProperties) = preSolution
		HideSolutionNode = FALSE
	EndGlobalSection
	GlobalSection(ExtensibilityGlobals) = postSolution
		SolutionGuid = {9F1D2D72-D957-4570-AA8C-8738E8DE2996}
	EndGlobalSection
EndGlobal
